// !$*UTF8*$!
{
	archiveVersion = 1;
	classes = {
	};
	objectVersion = 50;
	objects = {

/* Begin PBXBuildFile section */
		CF00B24721B51D9C00F793F0 /* AppDelegate.swift in Sources */ = {isa = PBXBuildFile; fileRef = CF00B24621B51D9C00F793F0 /* AppDelegate.swift */; };
		CF00B24921B51D9C00F793F0 /* ViewController.swift in Sources */ = {isa = PBXBuildFile; fileRef = CF00B24821B51D9C00F793F0 /* ViewController.swift */; };
		CF00B24C21B51D9C00F793F0 /* Main.storyboard in Resources */ = {isa = PBXBuildFile; fileRef = CF00B24A21B51D9C00F793F0 /* Main.storyboard */; };
		CF00B24E21B51DA900F793F0 /* Assets.xcassets in Resources */ = {isa = PBXBuildFile; fileRef = CF00B24D21B51DA900F793F0 /* Assets.xcassets */; };
		CF00B25121B51DA900F793F0 /* LaunchScreen.storyboard in Resources */ = {isa = PBXBuildFile; fileRef = CF00B24F21B51DA900F793F0 /* LaunchScreen.storyboard */; };
		CF00B25B21B51E1500F793F0 /* NumLockViewController.swift in Sources */ = {isa = PBXBuildFile; fileRef = CF00B25A21B51E1500F793F0 /* NumLockViewController.swift */; };
		CFF2240E21B62F6F006083D9 /* SnapKit.framework in Frameworks */ = {isa = PBXBuildFile; fileRef = CFF2240B21B62F5A006083D9 /* SnapKit.framework */; };
		CFF2240F21B62F6F006083D9 /* SnapKit.framework in Embed Frameworks */ = {isa = PBXBuildFile; fileRef = CFF2240B21B62F5A006083D9 /* SnapKit.framework */; settings = {ATTRIBUTES = (CodeSignOnCopy, RemoveHeadersOnCopy, ); }; };
		CFF2241421B66625006083D9 /* NumLockCollectionViewCell.swift in Sources */ = {isa = PBXBuildFile; fileRef = CFF2241321B66625006083D9 /* NumLockCollectionViewCell.swift */; };
/* End PBXBuildFile section */

/* Begin PBXContainerItemProxy section */
		CFF2240A21B62F5A006083D9 /* PBXContainerItemProxy */ = {
			isa = PBXContainerItemProxy;
			containerPortal = CFF2240521B62F5A006083D9 /* SnapKit.xcodeproj */;
			proxyType = 2;
			remoteGlobalIDString = EEBCC9D819CC627D0083B827;
			remoteInfo = SnapKit;
		};
		CFF2240C21B62F5A006083D9 /* PBXContainerItemProxy */ = {
			isa = PBXContainerItemProxy;
			containerPortal = CFF2240521B62F5A006083D9 /* SnapKit.xcodeproj */;
			proxyType = 2;
			remoteGlobalIDString = EEBCC9E219CC627E0083B827;
			remoteInfo = "SnapKit Tests";
		};
		CFF2241021B62F6F006083D9 /* PBXContainerItemProxy */ = {
			isa = PBXContainerItemProxy;
			containerPortal = CFF2240521B62F5A006083D9 /* SnapKit.xcodeproj */;
			proxyType = 1;
			remoteGlobalIDString = EEBCC9D719CC627D0083B827;
			remoteInfo = SnapKit;
		};
/* End PBXContainerItemProxy section */

/* Begin PBXCopyFilesBuildPhase section */
		CFF2241221B62F70006083D9 /* Embed Frameworks */ = {
			isa = PBXCopyFilesBuildPhase;
			buildActionMask = 2147483647;
			dstPath = "";
			dstSubfolderSpec = 10;
			files = (
				CFF2240F21B62F6F006083D9 /* SnapKit.framework in Embed Frameworks */,
			);
			name = "Embed Frameworks";
			runOnlyForDeploymentPostprocessing = 0;
		};
/* End PBXCopyFilesBuildPhase section */

/* Begin PBXFileReference section */
		CF00B24321B51D9C00F793F0 /* NumLock.app */ = {isa = PBXFileReference; explicitFileType = wrapper.application; includeInIndex = 0; path = NumLock.app; sourceTree = BUILT_PRODUCTS_DIR; };
		CF00B24621B51D9C00F793F0 /* AppDelegate.swift */ = {isa = PBXFileReference; lastKnownFileType = sourcecode.swift; path = AppDelegate.swift; sourceTree = "<group>"; };
		CF00B24821B51D9C00F793F0 /* ViewController.swift */ = {isa = PBXFileReference; lastKnownFileType = sourcecode.swift; path = ViewController.swift; sourceTree = "<group>"; };
		CF00B24B21B51D9C00F793F0 /* Base */ = {isa = PBXFileReference; lastKnownFileType = file.storyboard; name = Base; path = Base.lproj/Main.storyboard; sourceTree = "<group>"; };
		CF00B24D21B51DA900F793F0 /* Assets.xcassets */ = {isa = PBXFileReference; lastKnownFileType = folder.assetcatalog; path = Assets.xcassets; sourceTree = "<group>"; };
		CF00B25021B51DA900F793F0 /* Base */ = {isa = PBXFileReference; lastKnownFileType = file.storyboard; name = Base; path = Base.lproj/LaunchScreen.storyboard; sourceTree = "<group>"; };
		CF00B25221B51DA900F793F0 /* Info.plist */ = {isa = PBXFileReference; lastKnownFileType = text.plist.xml; path = Info.plist; sourceTree = "<group>"; };
		CF00B25A21B51E1500F793F0 /* NumLockViewController.swift */ = {isa = PBXFileReference; lastKnownFileType = sourcecode.swift; path = NumLockViewController.swift; sourceTree = "<group>"; };
		CFF2240521B62F5A006083D9 /* SnapKit.xcodeproj */ = {isa = PBXFileReference; lastKnownFileType = "wrapper.pb-project"; name = SnapKit.xcodeproj; path = "SnapKit-develop/SnapKit.xcodeproj"; sourceTree = "<group>"; };
		CFF2241321B66625006083D9 /* NumLockCollectionViewCell.swift */ = {isa = PBXFileReference; lastKnownFileType = sourcecode.swift; path = NumLockCollectionViewCell.swift; sourceTree = "<group>"; };
/* End PBXFileReference section */

/* Begin PBXFrameworksBuildPhase section */
		CF00B24021B51D9C00F793F0 /* Frameworks */ = {
			isa = PBXFrameworksBuildPhase;
			buildActionMask = 2147483647;
			files = (
				CFF2240E21B62F6F006083D9 /* SnapKit.framework in Frameworks */,
			);
			runOnlyForDeploymentPostprocessing = 0;
		};
/* End PBXFrameworksBuildPhase section */

/* Begin PBXGroup section */
		CF00B23A21B51D9C00F793F0 = {
			isa = PBXGroup;
			children = (
				CF00B24521B51D9C00F793F0 /* NumLock */,
				CF00B24421B51D9C00F793F0 /* Products */,
			);
			sourceTree = "<group>";
		};
		CF00B24421B51D9C00F793F0 /* Products */ = {
			isa = PBXGroup;
			children = (
				CF00B24321B51D9C00F793F0 /* NumLock.app */,
			);
			name = Products;
			sourceTree = "<group>";
		};
		CF00B24521B51D9C00F793F0 /* NumLock */ = {
			isa = PBXGroup;
			children = (
				CFF2240521B62F5A006083D9 /* SnapKit.xcodeproj */,
				CF00B24621B51D9C00F793F0 /* AppDelegate.swift */,
				CF00B24821B51D9C00F793F0 /* ViewController.swift */,
				CF00B25A21B51E1500F793F0 /* NumLockViewController.swift */,
				CFF2241321B66625006083D9 /* NumLockCollectionViewCell.swift */,
				CF00B24A21B51D9C00F793F0 /* Main.storyboard */,
				CF00B24D21B51DA900F793F0 /* Assets.xcassets */,
				CF00B24F21B51DA900F793F0 /* LaunchScreen.storyboard */,
				CF00B25221B51DA900F793F0 /* Info.plist */,
			);
			path = NumLock;
			sourceTree = "<group>";
		};
		CFF2240621B62F5A006083D9 /* Products */ = {
			isa = PBXGroup;
			children = (
				CFF2240B21B62F5A006083D9 /* SnapKit.framework */,
				CFF2240D21B62F5A006083D9 /* SnapKit Tests.xctest */,
			);
			name = Products;
			sourceTree = "<group>";
		};
/* End PBXGroup section */

/* Begin PBXNativeTarget section */
		CF00B24221B51D9C00F793F0 /* NumLock */ = {
			isa = PBXNativeTarget;
			buildConfigurationList = CF00B25521B51DA900F793F0 /* Build configuration list for PBXNativeTarget "NumLock" */;
			buildPhases = (
				CF00B23F21B51D9C00F793F0 /* Sources */,
				CF00B24021B51D9C00F793F0 /* Frameworks */,
				CF00B24121B51D9C00F793F0 /* Resources */,
				CFF2241221B62F70006083D9 /* Embed Frameworks */,
			);
			buildRules = (
			);
			dependencies = (
				CFF2241121B62F6F006083D9 /* PBXTargetDependency */,
			);
			name = NumLock;
			productName = NumLock;
			productReference = CF00B24321B51D9C00F793F0 /* NumLock.app */;
			productType = "com.apple.product-type.application";
		};
/* End PBXNativeTarget section */

/* Begin PBXProject section */
		CF00B23B21B51D9C00F793F0 /* Project object */ = {
			isa = PBXProject;
			attributes = {
				LastSwiftUpdateCheck = 1000;
				LastUpgradeCheck = 1000;
				ORGANIZATIONNAME = ShopNC;
				TargetAttributes = {
					CF00B24221B51D9C00F793F0 = {
						CreatedOnToolsVersion = 10.0;
					};
				};
			};
			buildConfigurationList = CF00B23E21B51D9C00F793F0 /* Build configuration list for PBXProject "NumLock" */;
			compatibilityVersion = "Xcode 9.3";
			developmentRegion = en;
			hasScannedForEncodings = 0;
			knownRegions = (
				en,
				Base,
			);
			mainGroup = CF00B23A21B51D9C00F793F0;
			productRefGroup = CF00B24421B51D9C00F793F0 /* Products */;
			projectDirPath = "";
			projectReferences = (
				{
					ProductGroup = CFF2240621B62F5A006083D9 /* Products */;
					ProjectRef = CFF2240521B62F5A006083D9 /* SnapKit.xcodeproj */;
				},
			);
			projectRoot = "";
			targets = (
				CF00B24221B51D9C00F793F0 /* NumLock */,
			);
		};
/* End PBXProject section */

/* Begin PBXReferenceProxy section */
		CFF2240B21B62F5A006083D9 /* SnapKit.framework */ = {
			isa = PBXReferenceProxy;
			fileType = wrapper.framework;
			path = SnapKit.framework;
			remoteRef = CFF2240A21B62F5A006083D9 /* PBXContainerItemProxy */;
			sourceTree = BUILT_PRODUCTS_DIR;
		};
		CFF2240D21B62F5A006083D9 /* SnapKit Tests.xctest */ = {
			isa = PBXReferenceProxy;
			fileType = wrapper.cfbundle;
			path = "SnapKit Tests.xctest";
			remoteRef = CFF2240C21B62F5A006083D9 /* PBXContainerItemProxy */;
			sourceTree = BUILT_PRODUCTS_DIR;
		};
/* End PBXReferenceProxy section */

/* Begin PBXResourcesBuildPhase section */
		CF00B24121B51D9C00F793F0 /* Resources */ = {
			isa = PBXResourcesBuildPhase;
			buildActionMask = 2147483647;
			files = (
				CF00B25121B51DA900F793F0 /* LaunchScreen.storyboard in Resources */,
				CF00B24E21B51DA900F793F0 /* Assets.xcassets in Resources */,
				CF00B24C21B51D9C00F793F0 /* Main.storyboard in Resources */,
			);
			runOnlyForDeploymentPostprocessing = 0;
		};
/* End PBXResourcesBuildPhase section */

/* Begin PBXSourcesBuildPhase section */
		CF00B23F21B51D9C00F793F0 /* Sources */ = {
			isa = PBXSourcesBuildPhase;
			buildActionMask = 2147483647;
			files = (
				CF00B24921B51D9C00F793F0 /* ViewController.swift in Sources */,
				CF00B25B21B51E1500F793F0 /* NumLockViewController.swift in Sources */,
				CFF2241421B66625006083D9 /* NumLockCollectionViewCell.swift in Sources */,
				CF00B24721B51D9C00F793F0 /* AppDelegate.swift in Sources */,
			);
			runOnlyForDeploymentPostprocessing = 0;
		};
/* End PBXSourcesBuildPhase section */

/* Begin PBXTargetDependency section */
		CFF2241121B62F6F006083D9 /* PBXTargetDependency */ = {
			isa = PBXTargetDependency;
			name = SnapKit;
			targetProxy = CFF2241021B62F6F006083D9 /* PBXContainerItemProxy */;
		};
/* End PBXTargetDependency section */

/* Begin PBXVariantGroup section */
		CF00B24A21B51D9C00F793F0 /* Main.storyboard */ = {
			isa = PBXVariantGroup;
			children = (
				CF00B24B21B51D9C00F793F0 /* Base */,
			);
			name = Main.storyboard;
			sourceTree = "<group>";
		};
		CF00B24F21B51DA900F793F0 /* LaunchScreen.storyboard */ = {
			isa = PBXVariantGroup;
			children = (
				CF00B25021B51DA900F793F0 /* Base */,
			);
			name = LaunchScreen.storyboard;
			sourceTree = "<group>";
		};
/* End PBXVariantGroup section */

/* Begin XCBuildConfiguration section */
		CF00B25321B51DA900F793F0 /* Debug */ = {
			isa = XCBuildConfiguration;
			buildSettings = {
				ALWAYS_SEARCH_USER_PATHS = NO;
				CLANG_ANALYZER_NONNULL = YES;
				CLANG_ANALYZER_NUMBER_OBJECT_CONVERSION = YES_AGGRESSIVE;
				CLANG_CXX_LANGUAGE_STANDARD = "gnu++14";
				CLANG_CXX_LIBRARY = "libc++";
				CLANG_ENABLE_MODULES = YES;
				CLANG_ENABLE_OBJC_ARC = YES;
				CLANG_ENABLE_OBJC_WEAK = YES;
				CLANG_WARN_BLOCK_CAPTURE_AUTORELEASING = YES;
				CLANG_WARN_BOOL_CONVERSION = YES;
				CLANG_WARN_COMMA = YES;
				CLANG_WARN_CONSTANT_CONVERSION = YES;
				CLANG_WARN_DEPRECATED_OBJC_IMPLEMENTATIONS = YES;
				CLANG_WARN_DIRECT_OBJC_ISA_USAGE = YES_ERROR;
				CLANG_WARN_DOCUMENTATION_COMMENTS = YES;
				CLANG_WARN_EMPTY_BODY = YES;
				CLANG_WARN_ENUM_CONVERSION = YES;
				CLANG_WARN_INFINITE_RECURSION = YES;
				CLANG_WARN_INT_CONVERSION = YES;
				CLANG_WARN_NON_LITERAL_NULL_CONVERSION = YES;
				CLANG_WARN_OBJC_IMPLICIT_RETAIN_SELF = YES;
				CLANG_WARN_OBJC_LITERAL_CONVERSION = YES;
				CLANG_WARN_OBJC_ROOT_CLASS = YES_ERROR;
				CLANG_WARN_RANGE_LOOP_ANALYSIS = YES;
				CLANG_WARN_STRICT_PROTOTYPES = YES;
				CLANG_WARN_SUSPICIOUS_MOVE = YES;
				CLANG_WARN_UNGUARDED_AVAILABILITY = YES_AGGRESSIVE;
				CLANG_WARN_UNREACHABLE_CODE = YES;
				CLANG_WARN__DUPLICATE_METHOD_MATCH = YES;
				CODE_SIGN_IDENTITY = "iPhone Developer";
				COPY_PHASE_STRIP = NO;
				DEBUG_INFORMATION_FORMAT = dwarf;
				ENABLE_STRICT_OBJC_MSGSEND = YES;
				ENABLE_TESTABILITY = YES;
				GCC_C_LANGUAGE_STANDARD = gnu11;
				GCC_DYNAMIC_NO_PIC = NO;
				GCC_NO_COMMON_BLOCKS = YES;
				GCC_OPTIMIZATION_LEVEL = 0;
				GCC_PREPROCESSOR_DEFINITIONS = (
					"DEBUG=1",
					"$(inherited)",
				);
				GCC_WARN_64_TO_32_BIT_CONVERSION = YES;
				GCC_WARN_ABOUT_RETURN_TYPE = YES_ERROR;
				GCC_WARN_UNDECLARED_SELECTOR = YES;
				GCC_WARN_UNINITIALIZED_AUTOS = YES_AGGRESSIVE;
				GCC_WARN_UNUSED_FUNCTION = YES;
				GCC_WARN_UNUSED_VARIABLE = YES;
				IPHONEOS_DEPLOYMENT_TARGET = 12.0;
				MTL_ENABLE_DEBUG_INFO = INCLUDE_SOURCE;
				MTL_FAST_MATH = YES;
				ONLY_ACTIVE_ARCH = YES;
				SDKROOT = iphoneos;
				SWIFT_ACTIVE_COMPILATION_CONDITIONS = DEBUG;
				SWIFT_OPTIMIZATION_LEVEL = "-Onone";
			};
			name = Debug;
		};
		CF00B25421B51DA900F793F0 /* Release */ = {
			isa = XCBuildConfiguration;
			buildSettings = {
				ALWAYS_SEARCH_USER_PATHS = NO;
				CLANG_ANALYZER_NONNULL = YES;
				CLANG_ANALYZER_NUMBER_OBJECT_CONVERSION = YES_AGGRESSIVE;
				CLANG_CXX_LANGUAGE_STANDARD = "gnu++14";
				CLANG_CXX_LIBRARY = "libc++";
				CLANG_ENABLE_MODULES = YES;
				CLANG_ENABLE_OBJC_ARC = YES;
				CLANG_ENABLE_OBJC_WEAK = YES;
				CLANG_WARN_BLOCK_CAPTURE_AUTORELEASING = YES;
				CLANG_WARN_BOOL_CONVERSION = YES;
				CLANG_WARN_COMMA = YES;
				CLANG_WARN_CONSTANT_CONVERSION = YES;
				CLANG_WARN_DEPRECATED_OBJC_IMPLEMENTATIONS = YES;
				CLANG_WARN_DIRECT_OBJC_ISA_USAGE = YES_ERROR;
				CLANG_WARN_DOCUMENTATION_COMMENTS = YES;
				CLANG_WARN_EMPTY_BODY = YES;
				CLANG_WARN_ENUM_CONVERSION = YES;
				CLANG_WARN_INFINITE_RECURSION = YES;
				CLANG_WARN_INT_CONVERSION = YES;
				CLANG_WARN_NON_LITERAL_NULL_CONVERSION = YES;
				CLANG_WARN_OBJC_IMPLICIT_RETAIN_SELF = YES;
				CLANG_WARN_OBJC_LITERAL_CONVERSION = YES;
				CLANG_WARN_OBJC_ROOT_CLASS = YES_ERROR;
				CLANG_WARN_RANGE_LOOP_ANALYSIS = YES;
				CLANG_WARN_STRICT_PROTOTYPES = YES;
				CLANG_WARN_SUSPICIOUS_MOVE = YES;
				CLANG_WARN_UNGUARDED_AVAILABILITY = YES_AGGRESSIVE;
				CLANG_WARN_UNREACHABLE_CODE = YES;
				CLANG_WARN__DUPLICATE_METHOD_MATCH = YES;
				CODE_SIGN_IDENTITY = "iPhone Developer";
				COPY_PHASE_STRIP = NO;
				DEBUG_INFORMATION_FORMAT = "dwarf-with-dsym";
				ENABLE_NS_ASSERTIONS = NO;
				ENABLE_STRICT_OBJC_MSGSEND = YES;
				GCC_C_LANGUAGE_STANDARD = gnu11;
				GCC_NO_COMMON_BLOCKS = YES;
				GCC_WARN_64_TO_32_BIT_CONVERSION = YES;
				GCC_WARN_ABOUT_RETURN_TYPE = YES_ERROR;
				GCC_WARN_UNDECLARED_SELECTOR = YES;
				GCC_WARN_UNINITIALIZED_AUTOS = YES_AGGRESSIVE;
				GCC_WARN_UNUSED_FUNCTION = YES;
				GCC_WARN_UNUSED_VARIABLE = YES;
				IPHONEOS_DEPLOYMENT_TARGET = 12.0;
				MTL_ENABLE_DEBUG_INFO = NO;
				MTL_FAST_MATH = YES;
				SDKROOT = iphoneos;
				SWIFT_COMPILATION_MODE = wholemodule;
				SWIFT_OPTIMIZATION_LEVEL = "-O";
				VALIDATE_PRODUCT = YES;
			};
			name = Release;
		};
		CF00B25621B51DA900F793F0 /* Debug */ = {
			isa = XCBuildConfiguration;
			buildSettings = {
				ALWAYS_EMBED_SWIFT_STANDARD_LIBRARIES = YES;
				ASSETCATALOG_COMPILER_APPICON_NAME = AppIcon;
				CODE_SIGN_STYLE = Automatic;
				DEVELOPMENT_TEAM = 4659ZS6BHY;
				INFOPLIST_FILE = NumLock/Info.plist;
				LD_RUNPATH_SEARCH_PATHS = (
					"$(inherited)",
					"@executable_path/Frameworks",
				);
				PRODUCT_BUNDLE_IDENTIFIER = ShopNC.NumLock;
				PRODUCT_NAME = "$(TARGET_NAME)";
				SWIFT_VERSION = 4.2;
				TARGETED_DEVICE_FAMILY = "1,2";
			};
			name = Debug;
		};
		CF00B25721B51DA900F793F0 /* Release */ = {
			isa = XCBuildConfiguration;
			buildSettings = {
				ALWAYS_EMBED_SWIFT_STANDARD_LIBRARIES = YES;
				ASSETCATALOG_COMPILER_APPICON_NAME = AppIcon;
				CODE_SIGN_STYLE = Automatic;
				DEVELOPMENT_TEAM = 4659ZS6BHY;
				INFOPLIST_FILE = NumLock/Info.plist;
				LD_RUNPATH_SEARCH_PATHS = (
					"$(inherited)",
					"@executable_path/Frameworks",
				);
				PRODUCT_BUNDLE_IDENTIFIER = ShopNC.NumLock;
				PRODUCT_NAME = "$(TARGET_NAME)";
				SWIFT_VERSION = 4.2;
				TARGETED_DEVICE_FAMILY = "1,2";
			};
			name = Release;
		};
/* End XCBuildConfiguration section */

/* Begin XCConfigurationList section */
		CF00B23E21B51D9C00F793F0 /* Build configuration list for PBXProject "NumLock" */ = {
			isa = XCConfigurationList;
			buildConfigurations = (
				CF00B25321B51DA900F793F0 /* Debug */,
				CF00B25421B51DA900F793F0 /* Release */,
			);
			defaultConfigurationIsVisible = 0;
			defaultConfigurationName = Release;
		};
		CF00B25521B51DA900F793F0 /* Build configuration list for PBXNativeTarget "NumLock" */ = {
			isa = XCConfigurationList;
			buildConfigurations = (
				CF00B25621B51DA900F793F0 /* Debug */,
				CF00B25721B51DA900F793F0 /* Release */,
			);
			defaultConfigurationIsVisible = 0;
			defaultConfigurationName = Release;
		};
/* End XCConfigurationList section */
	};
	rootObject = CF00B23B21B51D9C00F793F0 /* Project object */;
}
